
Microsoft Visual Studio Solution File, Format Version 12.00
# Visual Studio Version 17
VisualStudioVersion = 17.0.32014.148
MinimumVisualStudioVersion = 10.0.40219.1
Project("{2150E333-8FDC-42A3-9474-1A3956D46DE8}") = "DesignPatterns", "DesignPatterns", "{8330CCE3-8C67-47FC-BA2C-BB9866E46DC2}"
EndProject
Project("{FAE04EC0-301F-11D3-BF4B-00C04F79EFBC}") = "AbstractFactory", "AbstractFactory\AbstractFactory.csproj", "{3D2212D2-478F-497E-8C0D-9FE833CA3134}"
EndProject
Project("{FAE04EC0-301F-11D3-BF4B-00C04F79EFBC}") = "Builder", "Builder\Builder.csproj", "{0ACEF0FA-5D66-4B0A-94F3-71D1A88A65B4}"
EndProject
Project("{FAE04EC0-301F-11D3-BF4B-00C04F79EFBC}") = "FactoryMethodPattern", "FactoryMethodPattern\FactoryMethodPattern.csproj", "{B329AE09-D9C6-46AF-BD5A-01B3EE6805B4}"
EndProject
Project("{FAE04EC0-301F-11D3-BF4B-00C04F79EFBC}") = "Prototype", "Prototype\Prototype.csproj", "{05994507-00AB-4AF0-BF95-045A5492652E}"
EndProject
Project("{FAE04EC0-301F-11D3-BF4B-00C04F79EFBC}") = "Singleton", "Singleton\Singleton.csproj", "{2C11DFD1-AE91-420C-9127-7F91F30C6267}"
EndProject
Project("{FAE04EC0-301F-11D3-BF4B-00C04F79EFBC}") = "Adapter", "Adapter\Adapter.csproj", "{719F8DCB-7DB1-4BB1-B441-9DC2326AF083}"
EndProject
Project("{FAE04EC0-301F-11D3-BF4B-00C04F79EFBC}") = "Bridge", "Bridge\Bridge.csproj", "{D5AFC37C-17AC-424B-B30E-6A71DF17B47A}"
EndProject
Project("{FAE04EC0-301F-11D3-BF4B-00C04F79EFBC}") = "Composite", "Composite\Composite.csproj", "{98E7E463-7B93-4FF9-A1CC-04A118BBA2FE}"
EndProject
Project("{FAE04EC0-301F-11D3-BF4B-00C04F79EFBC}") = "Decorator", "Decorator\Decorator.csproj", "{E82964BA-7FF1-4A81-9D45-CD6B8A86DD6C}"
EndProject
Project("{FAE04EC0-301F-11D3-BF4B-00C04F79EFBC}") = "Facade", "Facade\Facade.csproj", "{B6944F59-13C2-47EA-93B4-429BE09ED518}"
EndProject
Project("{FAE04EC0-301F-11D3-BF4B-00C04F79EFBC}") = "Flyweight", "Flyweight\Flyweight.csproj", "{79E7298A-F3C2-401F-B7E9-82D44724255A}"
EndProject
Project("{FAE04EC0-301F-11D3-BF4B-00C04F79EFBC}") = "Proxy", "Proxy\Proxy.csproj", "{D818E3E2-E39A-49EE-ACDB-8FB087ADC4CF}"
EndProject
Project("{FAE04EC0-301F-11D3-BF4B-00C04F79EFBC}") = "ChainOfResponsibility", "ChainOfResponsibility\ChainOfResponsibility.csproj", "{DB830B0C-5399-4966-B910-F5DE0E16FD22}"
EndProject
Project("{FAE04EC0-301F-11D3-BF4B-00C04F79EFBC}") = "Command", "Command\Command.csproj", "{CDAA595F-308B-46C1-8011-FD2C43424144}"
EndProject
Project("{FAE04EC0-301F-11D3-BF4B-00C04F79EFBC}") = "Iterator", "Iterator\Iterator.csproj", "{ED8FAECB-F2D2-46C4-B5F8-F6CC49974F1F}"
EndProject
Project("{FAE04EC0-301F-11D3-BF4B-00C04F79EFBC}") = "Mediator", "Mediator\Mediator.csproj", "{1D2F0B21-EDEF-40E5-B28E-9A2F21E7F5E2}"
EndProject
Project("{FAE04EC0-301F-11D3-BF4B-00C04F79EFBC}") = "Memento", "Memento\Memento.csproj", "{BE28DB06-AEA3-4795-91D8-F3E2EF0D11EC}"
EndProject
Project("{FAE04EC0-301F-11D3-BF4B-00C04F79EFBC}") = "Observer", "Observer\Observer.csproj", "{4EA16027-76F6-4CBC-BDED-BF368F446F2C}"
EndProject
Project("{FAE04EC0-301F-11D3-BF4B-00C04F79EFBC}") = "State", "State\State.csproj", "{9947CA46-33A8-40D6-9C06-3B6D64D85249}"
EndProject
Project("{FAE04EC0-301F-11D3-BF4B-00C04F79EFBC}") = "Strategy", "Strategy\Strategy.csproj", "{92DCDC57-C5D4-40F1-AA02-60FC8128E7DF}"
EndProject
Project("{FAE04EC0-301F-11D3-BF4B-00C04F79EFBC}") = "TemplateMethod", "TemplateMethod\TemplateMethod.csproj", "{D850289A-BD2C-4CE1-9457-5CBAD61B0892}"
EndProject
Project("{FAE04EC0-301F-11D3-BF4B-00C04F79EFBC}") = "Visitor", "Visitor\Visitor.csproj", "{CA0C6268-74B4-4697-B813-A72063E24628}"
EndProject
Global
	GlobalSection(SolutionConfigurationPlatforms) = preSolution
		Debug|Any CPU = Debug|Any CPU
		Release|Any CPU = Release|Any CPU
	EndGlobalSection
	GlobalSection(ProjectConfigurationPlatforms) = postSolution
		{3D2212D2-478F-497E-8C0D-9FE833CA3134}.Debug|Any CPU.ActiveCfg = Debug|Any CPU
		{3D2212D2-478F-497E-8C0D-9FE833CA3134}.Debug|Any CPU.Build.0 = Debug|Any CPU
		{3D2212D2-478F-497E-8C0D-9FE833CA3134}.Release|Any CPU.ActiveCfg = Release|Any CPU
		{3D2212D2-478F-497E-8C0D-9FE833CA3134}.Release|Any CPU.Build.0 = Release|Any CPU
		{0ACEF0FA-5D66-4B0A-94F3-71D1A88A65B4}.Debug|Any CPU.ActiveCfg = Debug|Any CPU
		{0ACEF0FA-5D66-4B0A-94F3-71D1A88A65B4}.Debug|Any CPU.Build.0 = Debug|Any CPU
		{0ACEF0FA-5D66-4B0A-94F3-71D1A88A65B4}.Release|Any CPU.ActiveCfg = Release|Any CPU
		{0ACEF0FA-5D66-4B0A-94F3-71D1A88A65B4}.Release|Any CPU.Build.0 = Release|Any CPU
		{B329AE09-D9C6-46AF-BD5A-01B3EE6805B4}.Debug|Any CPU.ActiveCfg = Debug|Any CPU
		{B329AE09-D9C6-46AF-BD5A-01B3EE6805B4}.Debug|Any CPU.Build.0 = Debug|Any CPU
		{B329AE09-D9C6-46AF-BD5A-01B3EE6805B4}.Release|Any CPU.ActiveCfg = Release|Any CPU
		{B329AE09-D9C6-46AF-BD5A-01B3EE6805B4}.Release|Any CPU.Build.0 = Release|Any CPU
		{05994507-00AB-4AF0-BF95-045A5492652E}.Debug|Any CPU.ActiveCfg = Debug|Any CPU
		{05994507-00AB-4AF0-BF95-045A5492652E}.Debug|Any CPU.Build.0 = Debug|Any CPU
		{05994507-00AB-4AF0-BF95-045A5492652E}.Release|Any CPU.ActiveCfg = Release|Any CPU
		{05994507-00AB-4AF0-BF95-045A5492652E}.Release|Any CPU.Build.0 = Release|Any CPU
		{2C11DFD1-AE91-420C-9127-7F91F30C6267}.Debug|Any CPU.ActiveCfg = Debug|Any CPU
		{2C11DFD1-AE91-420C-9127-7F91F30C6267}.Debug|Any CPU.Build.0 = Debug|Any CPU
		{2C11DFD1-AE91-420C-9127-7F91F30C6267}.Release|Any CPU.ActiveCfg = Release|Any CPU
		{2C11DFD1-AE91-420C-9127-7F91F30C6267}.Release|Any CPU.Build.0 = Release|Any CPU
		{719F8DCB-7DB1-4BB1-B441-9DC2326AF083}.Debug|Any CPU.ActiveCfg = Debug|Any CPU
		{719F8DCB-7DB1-4BB1-B441-9DC2326AF083}.Debug|Any CPU.Build.0 = Debug|Any CPU
		{719F8DCB-7DB1-4BB1-B441-9DC2326AF083}.Release|Any CPU.ActiveCfg = Release|Any CPU
		{719F8DCB-7DB1-4BB1-B441-9DC2326AF083}.Release|Any CPU.Build.0 = Release|Any CPU
		{D5AFC37C-17AC-424B-B30E-6A71DF17B47A}.Debug|Any CPU.ActiveCfg = Debug|Any CPU
		{D5AFC37C-17AC-424B-B30E-6A71DF17B47A}.Debug|Any CPU.Build.0 = Debug|Any CPU
		{D5AFC37C-17AC-424B-B30E-6A71DF17B47A}.Release|Any CPU.ActiveCfg = Release|Any CPU
		{D5AFC37C-17AC-424B-B30E-6A71DF17B47A}.Release|Any CPU.Build.0 = Release|Any CPU
		{98E7E463-7B93-4FF9-A1CC-04A118BBA2FE}.Debug|Any CPU.ActiveCfg = Debug|Any CPU
		{98E7E463-7B93-4FF9-A1CC-04A118BBA2FE}.Debug|Any CPU.Build.0 = Debug|Any CPU
		{98E7E463-7B93-4FF9-A1CC-04A118BBA2FE}.Release|Any CPU.ActiveCfg = Release|Any CPU
		{98E7E463-7B93-4FF9-A1CC-04A118BBA2FE}.Release|Any CPU.Build.0 = Release|Any CPU
		{E82964BA-7FF1-4A81-9D45-CD6B8A86DD6C}.Debug|Any CPU.ActiveCfg = Debug|Any CPU
		{E82964BA-7FF1-4A81-9D45-CD6B8A86DD6C}.Debug|Any CPU.Build.0 = Debug|Any CPU
		{E82964BA-7FF1-4A81-9D45-CD6B8A86DD6C}.Release|Any CPU.ActiveCfg = Release|Any CPU
		{E82964BA-7FF1-4A81-9D45-CD6B8A86DD6C}.Release|Any CPU.Build.0 = Release|Any CPU
		{B6944F59-13C2-47EA-93B4-429BE09ED518}.Debug|Any CPU.ActiveCfg = Debug|Any CPU
		{B6944F59-13C2-47EA-93B4-429BE09ED518}.Debug|Any CPU.Build.0 = Debug|Any CPU
		{B6944F59-13C2-47EA-93B4-429BE09ED518}.Release|Any CPU.ActiveCfg = Release|Any CPU
		{B6944F59-13C2-47EA-93B4-429BE09ED518}.Release|Any CPU.Build.0 = Release|Any CPU
		{79E7298A-F3C2-401F-B7E9-82D44724255A}.Debug|Any CPU.ActiveCfg = Debug|Any CPU
		{79E7298A-F3C2-401F-B7E9-82D44724255A}.Debug|Any CPU.Build.0 = Debug|Any CPU
		{79E7298A-F3C2-401F-B7E9-82D44724255A}.Release|Any CPU.ActiveCfg = Release|Any CPU
		{79E7298A-F3C2-401F-B7E9-82D44724255A}.Release|Any CPU.Build.0 = Release|Any CPU
		{D818E3E2-E39A-49EE-ACDB-8FB087ADC4CF}.Debug|Any CPU.ActiveCfg = Debug|Any CPU
		{D818E3E2-E39A-49EE-ACDB-8FB087ADC4CF}.Debug|Any CPU.Build.0 = Debug|Any CPU
		{D818E3E2-E39A-49EE-ACDB-8FB087ADC4CF}.Release|Any CPU.ActiveCfg = Release|Any CPU
		{D818E3E2-E39A-49EE-ACDB-8FB087ADC4CF}.Release|Any CPU.Build.0 = Release|Any CPU
		{DB830B0C-5399-4966-B910-F5DE0E16FD22}.Debug|Any CPU.ActiveCfg = Debug|Any CPU
		{DB830B0C-5399-4966-B910-F5DE0E16FD22}.Debug|Any CPU.Build.0 = Debug|Any CPU
		{DB830B0C-5399-4966-B910-F5DE0E16FD22}.Release|Any CPU.ActiveCfg = Release|Any CPU
		{DB830B0C-5399-4966-B910-F5DE0E16FD22}.Release|Any CPU.Build.0 = Release|Any CPU
		{CDAA595F-308B-46C1-8011-FD2C43424144}.Debug|Any CPU.ActiveCfg = Debug|Any CPU
		{CDAA595F-308B-46C1-8011-FD2C43424144}.Debug|Any CPU.Build.0 = Debug|Any CPU
		{CDAA595F-308B-46C1-8011-FD2C43424144}.Release|Any CPU.ActiveCfg = Release|Any CPU
		{CDAA595F-308B-46C1-8011-FD2C43424144}.Release|Any CPU.Build.0 = Release|Any CPU
		{ED8FAECB-F2D2-46C4-B5F8-F6CC49974F1F}.Debug|Any CPU.ActiveCfg = Debug|Any CPU
		{ED8FAECB-F2D2-46C4-B5F8-F6CC49974F1F}.Debug|Any CPU.Build.0 = Debug|Any CPU
		{ED8FAECB-F2D2-46C4-B5F8-F6CC49974F1F}.Release|Any CPU.ActiveCfg = Release|Any CPU
		{ED8FAECB-F2D2-46C4-B5F8-F6CC49974F1F}.Release|Any CPU.Build.0 = Release|Any CPU
		{1D2F0B21-EDEF-40E5-B28E-9A2F21E7F5E2}.Debug|Any CPU.ActiveCfg = Debug|Any CPU
		{1D2F0B21-EDEF-40E5-B28E-9A2F21E7F5E2}.Debug|Any CPU.Build.0 = Debug|Any CPU
		{1D2F0B21-EDEF-40E5-B28E-9A2F21E7F5E2}.Release|Any CPU.ActiveCfg = Release|Any CPU
		{1D2F0B21-EDEF-40E5-B28E-9A2F21E7F5E2}.Release|Any CPU.Build.0 = Release|Any CPU
		{BE28DB06-AEA3-4795-91D8-F3E2EF0D11EC}.Debug|Any CPU.ActiveCfg = Debug|Any CPU
		{BE28DB06-AEA3-4795-91D8-F3E2EF0D11EC}.Debug|Any CPU.Build.0 = Debug|Any CPU
		{BE28DB06-AEA3-4795-91D8-F3E2EF0D11EC}.Release|Any CPU.ActiveCfg = Release|Any CPU
		{BE28DB06-AEA3-4795-91D8-F3E2EF0D11EC}.Release|Any CPU.Build.0 = Release|Any CPU
		{4EA16027-76F6-4CBC-BDED-BF368F446F2C}.Debug|Any CPU.ActiveCfg = Debug|Any CPU
		{4EA16027-76F6-4CBC-BDED-BF368F446F2C}.Debug|Any CPU.Build.0 = Debug|Any CPU
		{4EA16027-76F6-4CBC-BDED-BF368F446F2C}.Release|Any CPU.ActiveCfg = Release|Any CPU
		{4EA16027-76F6-4CBC-BDED-BF368F446F2C}.Release|Any CPU.Build.0 = Release|Any CPU
		{9947CA46-33A8-40D6-9C06-3B6D64D85249}.Debug|Any CPU.ActiveCfg = Debug|Any CPU
		{9947CA46-33A8-40D6-9C06-3B6D64D85249}.Debug|Any CPU.Build.0 = Debug|Any CPU
		{9947CA46-33A8-40D6-9C06-3B6D64D85249}.Release|Any CPU.ActiveCfg = Release|Any CPU
		{9947CA46-33A8-40D6-9C06-3B6D64D85249}.Release|Any CPU.Build.0 = Release|Any CPU
		{92DCDC57-C5D4-40F1-AA02-60FC8128E7DF}.Debug|Any CPU.ActiveCfg = Debug|Any CPU
		{92DCDC57-C5D4-40F1-AA02-60FC8128E7DF}.Debug|Any CPU.Build.0 = Debug|Any CPU
		{92DCDC57-C5D4-40F1-AA02-60FC8128E7DF}.Release|Any CPU.ActiveCfg = Release|Any CPU
		{92DCDC57-C5D4-40F1-AA02-60FC8128E7DF}.Release|Any CPU.Build.0 = Release|Any CPU
		{D850289A-BD2C-4CE1-9457-5CBAD61B0892}.Debug|Any CPU.ActiveCfg = Debug|Any CPU
		{D850289A-BD2C-4CE1-9457-5CBAD61B0892}.Debug|Any CPU.Build.0 = Debug|Any CPU
		{D850289A-BD2C-4CE1-9457-5CBAD61B0892}.Release|Any CPU.ActiveCfg = Release|Any CPU
		{D850289A-BD2C-4CE1-9457-5CBAD61B0892}.Release|Any CPU.Build.0 = Release|Any CPU
		{CA0C6268-74B4-4697-B813-A72063E24628}.Debug|Any CPU.ActiveCfg = Debug|Any CPU
		{CA0C6268-74B4-4697-B813-A72063E24628}.Debug|Any CPU.Build.0 = Debug|Any CPU
		{CA0C6268-74B4-4697-B813-A72063E24628}.Release|Any CPU.ActiveCfg = Release|Any CPU
		{CA0C6268-74B4-4697-B813-A72063E24628}.Release|Any CPU.Build.0 = Release|Any CPU
	EndGlobalSection
	GlobalSection(SolutionProperties) = preSolution
		HideSolutionNode = FALSE
	EndGlobalSection
	GlobalSection(NestedProjects) = preSolution
		{3D2212D2-478F-497E-8C0D-9FE833CA3134} = {8330CCE3-8C67-47FC-BA2C-BB9866E46DC2}
		{0ACEF0FA-5D66-4B0A-94F3-71D1A88A65B4} = {8330CCE3-8C67-47FC-BA2C-BB9866E46DC2}
		{B329AE09-D9C6-46AF-BD5A-01B3EE6805B4} = {8330CCE3-8C67-47FC-BA2C-BB9866E46DC2}
		{05994507-00AB-4AF0-BF95-045A5492652E} = {8330CCE3-8C67-47FC-BA2C-BB9866E46DC2}
		{2C11DFD1-AE91-420C-9127-7F91F30C6267} = {8330CCE3-8C67-47FC-BA2C-BB9866E46DC2}
		{719F8DCB-7DB1-4BB1-B441-9DC2326AF083} = {8330CCE3-8C67-47FC-BA2C-BB9866E46DC2}
		{D5AFC37C-17AC-424B-B30E-6A71DF17B47A} = {8330CCE3-8C67-47FC-BA2C-BB9866E46DC2}
		{98E7E463-7B93-4FF9-A1CC-04A118BBA2FE} = {8330CCE3-8C67-47FC-BA2C-BB9866E46DC2}
		{E82964BA-7FF1-4A81-9D45-CD6B8A86DD6C} = {8330CCE3-8C67-47FC-BA2C-BB9866E46DC2}
		{B6944F59-13C2-47EA-93B4-429BE09ED518} = {8330CCE3-8C67-47FC-BA2C-BB9866E46DC2}
		{79E7298A-F3C2-401F-B7E9-82D44724255A} = {8330CCE3-8C67-47FC-BA2C-BB9866E46DC2}
		{D818E3E2-E39A-49EE-ACDB-8FB087ADC4CF} = {8330CCE3-8C67-47FC-BA2C-BB9866E46DC2}
		{DB830B0C-5399-4966-B910-F5DE0E16FD22} = {8330CCE3-8C67-47FC-BA2C-BB9866E46DC2}
		{CDAA595F-308B-46C1-8011-FD2C43424144} = {8330CCE3-8C67-47FC-BA2C-BB9866E46DC2}
		{ED8FAECB-F2D2-46C4-B5F8-F6CC49974F1F} = {8330CCE3-8C67-47FC-BA2C-BB9866E46DC2}
		{1D2F0B21-EDEF-40E5-B28E-9A2F21E7F5E2} = {8330CCE3-8C67-47FC-BA2C-BB9866E46DC2}
		{BE28DB06-AEA3-4795-91D8-F3E2EF0D11EC} = {8330CCE3-8C67-47FC-BA2C-BB9866E46DC2}
		{4EA16027-76F6-4CBC-BDED-BF368F446F2C} = {8330CCE3-8C67-47FC-BA2C-BB9866E46DC2}
		{9947CA46-33A8-40D6-9C06-3B6D64D85249} = {8330CCE3-8C67-47FC-BA2C-BB9866E46DC2}
		{92DCDC57-C5D4-40F1-AA02-60FC8128E7DF} = {8330CCE3-8C67-47FC-BA2C-BB9866E46DC2}
		{D850289A-BD2C-4CE1-9457-5CBAD61B0892} = {8330CCE3-8C67-47FC-BA2C-BB9866E46DC2}
		{CA0C6268-74B4-4697-B813-A72063E24628} = {8330CCE3-8C67-47FC-BA2C-BB9866E46DC2}
	EndGlobalSection
	GlobalSection(ExtensibilityGlobals) = postSolution
		SolutionGuid = {3C01FEB7-8D95-4D34-915D-0AFA33368C4F}
	EndGlobalSection
EndGlobal
